
Microsoft Visual Studio Solution File, Format Version 12.00
# Visual Studio 15
VisualStudioVersion = 15.0.28010.2041
MinimumVisualStudioVersion = 10.0.40219.1
Project("{F184B08F-C81C-45F6-A57F-5ABD9991F28F}") = "WindowsApplication1", "WindowsApplication1\WindowsApplication1.vbproj", "{0BCCADDD-4ABD-4846-92B8-284A4EDF0584}"
EndProject
Project("{2150E333-8FDC-42A3-9474-1A3956D46DE8}") = "Solution Items", "Solution Items", "{88032562-7629-4BB9-B257-25BBE8864950}"
	ProjectSection(SolutionItems) = preProject
		DataScript.sql = DataScript.sql
		readme.md = readme.md
	EndProjectSection
EndProject
Project("{F184B08F-C81C-45F6-A57F-5ABD9991F28F}") = "ExtensionsLibrary", "Extensions_vb\ExtensionsLibrary.vbproj", "{30FA06AE-2389-4D3F-A575-FA063401BAE8}"
EndProject
Project("{F184B08F-C81C-45F6-A57F-5ABD9991F28F}") = "DataOperations", "DataOperations_vb\DataOperations.vbproj", "{A2C991FA-0442-4723-8D35-F97E263D2ADB}"
EndProject
Project("{F184B08F-C81C-45F6-A57F-5ABD9991F28F}") = "WindowsApp1", "WindowsApp1\WindowsApp1.vbproj", "{162E9ACB-173B-48F1-A3C6-AB9D44978C9F}"
EndProject
Project("{F184B08F-C81C-45F6-A57F-5ABD9991F28F}") = "ImagesStoredProcedures", "ImagesStoredProcedures\ImagesStoredProcedures.vbproj", "{8393FE2D-B38B-43A4-A6E6-7460D5AAB788}"
EndProject
Global
	GlobalSection(SolutionConfigurationPlatforms) = preSolution
		Debug|Any CPU = Debug|Any CPU
		Release|Any CPU = Release|Any CPU
	EndGlobalSection
	GlobalSection(ProjectConfigurationPlatforms) = postSolution
		{0BCCADDD-4ABD-4846-92B8-284A4EDF0584}.Debug|Any CPU.ActiveCfg = Debug|Any CPU
		{0BCCADDD-4ABD-4846-92B8-284A4EDF0584}.Debug|Any CPU.Build.0 = Debug|Any CPU
		{0BCCADDD-4ABD-4846-92B8-284A4EDF0584}.Release|Any CPU.ActiveCfg = Release|Any CPU
		{0BCCADDD-4ABD-4846-92B8-284A4EDF0584}.Release|Any CPU.Build.0 = Release|Any CPU
		{30FA06AE-2389-4D3F-A575-FA063401BAE8}.Debug|Any CPU.ActiveCfg = Debug|Any CPU
		{30FA06AE-2389-4D3F-A575-FA063401BAE8}.Debug|Any CPU.Build.0 = Debug|Any CPU
		{30FA06AE-2389-4D3F-A575-FA063401BAE8}.Release|Any CPU.ActiveCfg = Release|Any CPU
		{30FA06AE-2389-4D3F-A575-FA063401BAE8}.Release|Any CPU.Build.0 = Release|Any CPU
		{A2C991FA-0442-4723-8D35-F97E263D2ADB}.Debug|Any CPU.ActiveCfg = Debug|Any CPU
		{A2C991FA-0442-4723-8D35-F97E263D2ADB}.Debug|Any CPU.Build.0 = Debug|Any CPU
		{A2C991FA-0442-4723-8D35-F97E263D2ADB}.Release|Any CPU.ActiveCfg = Release|Any CPU
		{A2C991FA-0442-4723-8D35-F97E263D2ADB}.Release|Any CPU.Build.0 = Release|Any CPU
		{162E9ACB-173B-48F1-A3C6-AB9D44978C9F}.Debug|Any CPU.ActiveCfg = Debug|Any CPU
		{162E9ACB-173B-48F1-A3C6-AB9D44978C9F}.Debug|Any CPU.Build.0 = Debug|Any CPU
		{162E9ACB-173B-48F1-A3C6-AB9D44978C9F}.Release|Any CPU.ActiveCfg = Release|Any CPU
		{162E9ACB-173B-48F1-A3C6-AB9D44978C9F}.Release|Any CPU.Build.0 = Release|Any CPU
		{8393FE2D-B38B-43A4-A6E6-7460D5AAB788}.Debug|Any CPU.ActiveCfg = Debug|Any CPU
		{8393FE2D-B38B-43A4-A6E6-7460D5AAB788}.Debug|Any CPU.Build.0 = Debug|Any CPU
		{8393FE2D-B38B-43A4-A6E6-7460D5AAB788}.Release|Any CPU.ActiveCfg = Release|Any CPU
		{8393FE2D-B38B-43A4-A6E6-7460D5AAB788}.Release|Any CPU.Build.0 = Release|Any CPU
	EndGlobalSection
	GlobalSection(SolutionProperties) = preSolution
		HideSolutionNode = FALSE
	EndGlobalSection
	GlobalSection(ExtensibilityGlobals) = postSolution
		SolutionGuid = {CA898DAD-E5D8-410B-A8AC-EDEDD77E690A}
	EndGlobalSection
EndGlobal
